github.com/domainry/domainry-connector-sdk v0.1.0-dev.5 h1:Cn8fs5qW4kjuE0yByhjMtT8iJI0X+JhD45ju1d925E0=
github.com/domainry/domainry-connector-sdk v0.1.0-dev.5/go.mod h1:y3YMg09XmWCuxyIeYb1d4xC4AkFmqGWbrm+OaumeyY8=
github.com/domainry/domainry-connector-sdk v0.1.0-dev.6 h1:11lm0igX8A0/RYY6vZ8+PtH45rNyC8zDUTy5ssMuiZo=
github.com/domainry/domainry-connector-sdk v0.1.0-dev.6/go.mod h1:y3YMg09XmWCuxyIeYb1d4xC4AkFmqGWbrm+OaumeyY8=
